
Microsoft Visual Studio Solution File, Format Version 12.00
# Visual Studio Version 17
VisualStudioVersion = 17.2.32602.215
MinimumVisualStudioVersion = 10.0.40219.1
Project("{FAE04EC0-301F-11D3-BF4B-00C04F79EFBC}") = "21341", "21341\21341.csproj", "{9858FD17-A532-4069-A4A0-D44BE22DE432}"
EndProject
Global
	GlobalSection(SolutionConfigurationPlatforms) = preSolution
		Debug|Any CPU = Debug|Any CPU
		Release|Any CPU = Release|Any CPU
	EndGlobalSection
	GlobalSection(ProjectConfigurationPlatforms) = postSolution
		{9858FD17-A532-4069-A4A0-D44BE22DE432}.Debug|Any CPU.ActiveCfg = Debug|Any CPU
		{9858FD17-A532-4069-A4A0-D44BE22DE432}.Debug|Any CPU.Build.0 = Debug|Any CPU
		{9858FD17-A532-4069-A4A0-D44BE22DE432}.Release|Any CPU.ActiveCfg = Release|Any CPU
		{9858FD17-A532-4069-A4A0-D44BE22DE432}.Release|Any CPU.Build.0 = Release|Any CPU
	EndGlobalSection
	GlobalSection(SolutionProperties) = preSolution
		HideSolutionNode = FALSE
	EndGlobalSection
	GlobalSection(ExtensibilityGlobals) = postSolution
		SolutionGuid = {FD82D4A3-1FB8-4D8C-AD70-241293B9FBA4}
	EndGlobalSection
EndGlobal
